// !$*UTF8*$!
{
	archiveVersion = 1;
	classes = {
	};
	objectVersion = 56;
	objects = {

/* Begin PBXBuildFile section */
		F4801D682B16DB9D005E5B2B /* AppDelegate.swift in Sources */ = {isa = PBXBuildFile; fileRef = F4801D672B16DB9D005E5B2B /* AppDelegate.swift */; };
		F4801D6A2B16DB9D005E5B2B /* SceneDelegate.swift in Sources */ = {isa = PBXBuildFile; fileRef = F4801D692B16DB9D005E5B2B /* SceneDelegate.swift */; };
		F4801D6C2B16DB9D005E5B2B /* ViewController.swift in Sources */ = {isa = PBXBuildFile; fileRef = F4801D6B2B16DB9D005E5B2B /* ViewController.swift */; };
		F4801D6F2B16DB9D005E5B2B /* Main.storyboard in Resources */ = {isa = PBXBuildFile; fileRef = F4801D6D2B16DB9D005E5B2B /* Main.storyboard */; };
		F4801D712B16DB9F005E5B2B /* Assets.xcassets in Resources */ = {isa = PBXBuildFile; fileRef = F4801D702B16DB9F005E5B2B /* Assets.xcassets */; };
		F4801D742B16DB9F005E5B2B /* LaunchScreen.storyboard in Resources */ = {isa = PBXBuildFile; fileRef = F4801D722B16DB9F005E5B2B /* LaunchScreen.storyboard */; };
		F4801D7F2B16DBA0005E5B2B /* SwiftTestingTests.swift in Sources */ = {isa = PBXBuildFile; fileRef = F4801D7E2B16DBA0005E5B2B /* SwiftTestingTests.swift */; };
		F4801D892B16DBA0005E5B2B /* SwiftTestingUITests.swift in Sources */ = {isa = PBXBuildFile; fileRef = F4801D882B16DBA0005E5B2B /* SwiftTestingUITests.swift */; };
		F4801D8B2B16DBA0005E5B2B /* SwiftTestingUITestsLaunchTests.swift in Sources */ = {isa = PBXBuildFile; fileRef = F4801D8A2B16DBA0005E5B2B /* SwiftTestingUITestsLaunchTests.swift */; };
		F4801D982B16DC57005E5B2B /* MathematicFunctions.swift in Sources */ = {isa = PBXBuildFile; fileRef = F4801D972B16DC57005E5B2B /* MathematicFunctions.swift */; };
/* End PBXBuildFile section */

/* Begin PBXContainerItemProxy section */
		F4801D7B2B16DBA0005E5B2B /* PBXContainerItemProxy */ = {
			isa = PBXContainerItemProxy;
			containerPortal = F4801D5C2B16DB9D005E5B2B /* Project object */;
			proxyType = 1;
			remoteGlobalIDString = F4801D632B16DB9D005E5B2B;
			remoteInfo = SwiftTesting;
		};
		F4801D852B16DBA0005E5B2B /* PBXContainerItemProxy */ = {
			isa = PBXContainerItemProxy;
			containerPortal = F4801D5C2B16DB9D005E5B2B /* Project object */;
			proxyType = 1;
			remoteGlobalIDString = F4801D632B16DB9D005E5B2B;
			remoteInfo = SwiftTesting;
		};
/* End PBXContainerItemProxy section */

/* Begin PBXFileReference section */
		F4801D642B16DB9D005E5B2B /* SwiftTesting.app */ = {isa = PBXFileReference; explicitFileType = wrapper.application; includeInIndex = 0; path = SwiftTesting.app; sourceTree = BUILT_PRODUCTS_DIR; };
		F4801D672B16DB9D005E5B2B /* AppDelegate.swift */ = {isa = PBXFileReference; lastKnownFileType = sourcecode.swift; path = AppDelegate.swift; sourceTree = "<group>"; };
		F4801D692B16DB9D005E5B2B /* SceneDelegate.swift */ = {isa = PBXFileReference; lastKnownFileType = sourcecode.swift; path = SceneDelegate.swift; sourceTree = "<group>"; };
		F4801D6B2B16DB9D005E5B2B /* ViewController.swift */ = {isa = PBXFileReference; lastKnownFileType = sourcecode.swift; path = ViewController.swift; sourceTree = "<group>"; };
		F4801D6E2B16DB9D005E5B2B /* Base */ = {isa = PBXFileReference; lastKnownFileType = file.storyboard; name = Base; path = Base.lproj/Main.storyboard; sourceTree = "<group>"; };
		F4801D702B16DB9F005E5B2B /* Assets.xcassets */ = {isa = PBXFileReference; lastKnownFileType = folder.assetcatalog; path = Assets.xcassets; sourceTree = "<group>"; };
		F4801D732B16DB9F005E5B2B /* Base */ = {isa = PBXFileReference; lastKnownFileType = file.storyboard; name = Base; path = Base.lproj/LaunchScreen.storyboard; sourceTree = "<group>"; };
		F4801D752B16DB9F005E5B2B /* Info.plist */ = {isa = PBXFileReference; lastKnownFileType = text.plist.xml; path = Info.plist; sourceTree = "<group>"; };
		F4801D7A2B16DBA0005E5B2B /* SwiftTestingTests.xctest */ = {isa = PBXFileReference; explicitFileType = wrapper.cfbundle; includeInIndex = 0; path = SwiftTestingTests.xctest; sourceTree = BUILT_PRODUCTS_DIR; };
		F4801D7E2B16DBA0005E5B2B /* SwiftTestingTests.swift */ = {isa = PBXFileReference; lastKnownFileType = sourcecode.swift; path = SwiftTestingTests.swift; sourceTree = "<group>"; };
		F4801D842B16DBA0005E5B2B /* SwiftTestingUITests.xctest */ = {isa = PBXFileReference; explicitFileType = wrapper.cfbundle; includeInIndex = 0; path = SwiftTestingUITests.xctest; sourceTree = BUILT_PRODUCTS_DIR; };
		F4801D882B16DBA0005E5B2B /* SwiftTestingUITests.swift */ = {isa = PBXFileReference; lastKnownFileType = sourcecode.swift; path = SwiftTestingUITests.swift; sourceTree = "<group>"; };
		F4801D8A2B16DBA0005E5B2B /* SwiftTestingUITestsLaunchTests.swift */ = {isa = PBXFileReference; lastKnownFileType = sourcecode.swift; path = SwiftTestingUITestsLaunchTests.swift; sourceTree = "<group>"; };
		F4801D972B16DC57005E5B2B /* MathematicFunctions.swift */ = {isa = PBXFileReference; lastKnownFileType = sourcecode.swift; path = MathematicFunctions.swift; sourceTree = "<group>"; };
/* End PBXFileReference section */

/* Begin PBXFrameworksBuildPhase section */
		F4801D612B16DB9D005E5B2B /* Frameworks */ = {
			isa = PBXFrameworksBuildPhase;
			buildActionMask = 2147483647;
			files = (
			);
			runOnlyForDeploymentPostprocessing = 0;
		};
		F4801D772B16DBA0005E5B2B /* Frameworks */ = {
			isa = PBXFrameworksBuildPhase;
			buildActionMask = 2147483647;
			files = (
			);
			runOnlyForDeploymentPostprocessing = 0;
		};
		F4801D812B16DBA0005E5B2B /* Frameworks */ = {
			isa = PBXFrameworksBuildPhase;
			buildActionMask = 2147483647;
			files = (
			);
			runOnlyForDeploymentPostprocessing = 0;
		};
/* End PBXFrameworksBuildPhase section */

/* Begin PBXGroup section */
		F4801D5B2B16DB9D005E5B2B = {
			isa = PBXGroup;
			children = (
				F4801D662B16DB9D005E5B2B /* SwiftTesting */,
				F4801D7D2B16DBA0005E5B2B /* SwiftTestingTests */,
				F4801D872B16DBA0005E5B2B /* SwiftTestingUITests */,
				F4801D652B16DB9D005E5B2B /* Products */,
			);
			sourceTree = "<group>";
		};
		F4801D652B16DB9D005E5B2B /* Products */ = {
			isa = PBXGroup;
			children = (
				F4801D642B16DB9D005E5B2B /* SwiftTesting.app */,
				F4801D7A2B16DBA0005E5B2B /* SwiftTestingTests.xctest */,
				F4801D842B16DBA0005E5B2B /* SwiftTestingUITests.xctest */,
			);
			name = Products;
			sourceTree = "<group>";
		};
		F4801D662B16DB9D005E5B2B /* SwiftTesting */ = {
			isa = PBXGroup;
			children = (
				F4801D672B16DB9D005E5B2B /* AppDelegate.swift */,
				F4801D692B16DB9D005E5B2B /* SceneDelegate.swift */,
				F4801D6B2B16DB9D005E5B2B /* ViewController.swift */,
				F4801D6D2B16DB9D005E5B2B /* Main.storyboard */,
				F4801D702B16DB9F005E5B2B /* Assets.xcassets */,
				F4801D722B16DB9F005E5B2B /* LaunchScreen.storyboard */,
				F4801D752B16DB9F005E5B2B /* Info.plist */,
				F4801D972B16DC57005E5B2B /* MathematicFunctions.swift */,
			);
			path = SwiftTesting;
			sourceTree = "<group>";
		};
		F4801D7D2B16DBA0005E5B2B /* SwiftTestingTests */ = {
			isa = PBXGroup;
			children = (
				F4801D7E2B16DBA0005E5B2B /* SwiftTestingTests.swift */,
			);
			path = SwiftTestingTests;
			sourceTree = "<group>";
		};
		F4801D872B16DBA0005E5B2B /* SwiftTestingUITests */ = {
			isa = PBXGroup;
			children = (
				F4801D882B16DBA0005E5B2B /* SwiftTestingUITests.swift */,
				F4801D8A2B16DBA0005E5B2B /* SwiftTestingUITestsLaunchTests.swift */,
			);
			path = SwiftTestingUITests;
			sourceTree = "<group>";
		};
/* End PBXGroup section */

/* Begin PBXNativeTarget section */
		F4801D632B16DB9D005E5B2B /* SwiftTesting */ = {
			isa = PBXNativeTarget;
			buildConfigurationList = F4801D8E2B16DBA0005E5B2B /* Build configuration list for PBXNativeTarget "SwiftTesting" */;
			buildPhases = (
				F4801D602B16DB9D005E5B2B /* Sources */,
				F4801D612B16DB9D005E5B2B /* Frameworks */,
				F4801D622B16DB9D005E5B2B /* Resources */,
			);
			buildRules = (
			);
			dependencies = (
			);
			name = SwiftTesting;
			productName = SwiftTesting;
			productReference = F4801D642B16DB9D005E5B2B /* SwiftTesting.app */;
			productType = "com.apple.product-type.application";
		};
		F4801D792B16DBA0005E5B2B /* SwiftTestingTests */ = {
			isa = PBXNativeTarget;
			buildConfigurationList = F4801D912B16DBA0005E5B2B /* Build configuration list for PBXNativeTarget "SwiftTestingTests" */;
			buildPhases = (
				F4801D762B16DBA0005E5B2B /* Sources */,
				F4801D772B16DBA0005E5B2B /* Frameworks */,
				F4801D782B16DBA0005E5B2B /* Resources */,
			);
			buildRules = (
			);
			dependencies = (
				F4801D7C2B16DBA0005E5B2B /* PBXTargetDependency */,
			);
			name = SwiftTestingTests;
			productName = SwiftTestingTests;
			productReference = F4801D7A2B16DBA0005E5B2B /* SwiftTestingTests.xctest */;
			productType = "com.apple.product-type.bundle.unit-test";
		};
		F4801D832B16DBA0005E5B2B /* SwiftTestingUITests */ = {
			isa = PBXNativeTarget;
			buildConfigurationList = F4801D942B16DBA0005E5B2B /* Build configuration list for PBXNativeTarget "SwiftTestingUITests" */;
			buildPhases = (
				F4801D802B16DBA0005E5B2B /* Sources */,
				F4801D812B16DBA0005E5B2B /* Frameworks */,
				F4801D822B16DBA0005E5B2B /* Resources */,
			);
			buildRules = (
			);
			dependencies = (
				F4801D862B16DBA0005E5B2B /* PBXTargetDependency */,
			);
			name = SwiftTestingUITests;
			productName = SwiftTestingUITests;
			productReference = F4801D842B16DBA0005E5B2B /* SwiftTestingUITests.xctest */;
			productType = "com.apple.product-type.bundle.ui-testing";
		};
/* End PBXNativeTarget section */

/* Begin PBXProject section */
		F4801D5C2B16DB9D005E5B2B /* Project object */ = {
			isa = PBXProject;
			attributes = {
				BuildIndependentTargetsInParallel = 1;
				LastSwiftUpdateCheck = 1500;
				LastUpgradeCheck = 1500;
				TargetAttributes = {
					F4801D632B16DB9D005E5B2B = {
						CreatedOnToolsVersion = 15.0.1;
					};
					F4801D792B16DBA0005E5B2B = {
						CreatedOnToolsVersion = 15.0.1;
						TestTargetID = F4801D632B16DB9D005E5B2B;
					};
					F4801D832B16DBA0005E5B2B = {
						CreatedOnToolsVersion = 15.0.1;
						TestTargetID = F4801D632B16DB9D005E5B2B;
					};
				};
			};
			buildConfigurationList = F4801D5F2B16DB9D005E5B2B /* Build configuration list for PBXProject "SwiftTesting" */;
			compatibilityVersion = "Xcode 14.0";
			developmentRegion = en;
			hasScannedForEncodings = 0;
			knownRegions = (
				en,
				Base,
			);
			mainGroup = F4801D5B2B16DB9D005E5B2B;
			productRefGroup = F4801D652B16DB9D005E5B2B /* Products */;
			projectDirPath = "";
			projectRoot = "";
			targets = (
				F4801D632B16DB9D005E5B2B /* SwiftTesting */,
				F4801D792B16DBA0005E5B2B /* SwiftTestingTests */,
				F4801D832B16DBA0005E5B2B /* SwiftTestingUITests */,
			);
		};
/* End PBXProject section */

/* Begin PBXResourcesBuildPhase section */
		F4801D622B16DB9D005E5B2B /* Resources */ = {
			isa = PBXResourcesBuildPhase;
			buildActionMask = 2147483647;
			files = (
				F4801D742B16DB9F005E5B2B /* LaunchScreen.storyboard in Resources */,
				F4801D712B16DB9F005E5B2B /* Assets.xcassets in Resources */,
				F4801D6F2B16DB9D005E5B2B /* Main.storyboard in Resources */,
			);
			runOnlyForDeploymentPostprocessing = 0;
		};
		F4801D782B16DBA0005E5B2B /* Resources */ = {
			isa = PBXResourcesBuildPhase;
			buildActionMask = 2147483647;
			files = (
			);
			runOnlyForDeploymentPostprocessing = 0;
		};
		F4801D822B16DBA0005E5B2B /* Resources */ = {
			isa = PBXResourcesBuildPhase;
			buildActionMask = 2147483647;
			files = (
			);
			runOnlyForDeploymentPostprocessing = 0;
		};
/* End PBXResourcesBuildPhase section */

/* Begin PBXSourcesBuildPhase section */
		F4801D602B16DB9D005E5B2B /* Sources */ = {
			isa = PBXSourcesBuildPhase;
			buildActionMask = 2147483647;
			files = (
				F4801D6C2B16DB9D005E5B2B /* ViewController.swift in Sources */,
				F4801D682B16DB9D005E5B2B /* AppDelegate.swift in Sources */,
				F4801D982B16DC57005E5B2B /* MathematicFunctions.swift in Sources */,
				F4801D6A2B16DB9D005E5B2B /* SceneDelegate.swift in Sources */,
			);
			runOnlyForDeploymentPostprocessing = 0;
		};
		F4801D762B16DBA0005E5B2B /* Sources */ = {
			isa = PBXSourcesBuildPhase;
			buildActionMask = 2147483647;
			files = (
				F4801D7F2B16DBA0005E5B2B /* SwiftTestingTests.swift in Sources */,
			);
			runOnlyForDeploymentPostprocessing = 0;
		};
		F4801D802B16DBA0005E5B2B /* Sources */ = {
			isa = PBXSourcesBuildPhase;
			buildActionMask = 2147483647;
			files = (
				F4801D892B16DBA0005E5B2B /* SwiftTestingUITests.swift in Sources */,
				F4801D8B2B16DBA0005E5B2B /* SwiftTestingUITestsLaunchTests.swift in Sources */,
			);
			runOnlyForDeploymentPostprocessing = 0;
		};
/* End PBXSourcesBuildPhase section */

/* Begin PBXTargetDependency section */
		F4801D7C2B16DBA0005E5B2B /* PBXTargetDependency */ = {
			isa = PBXTargetDependency;
			target = F4801D632B16DB9D005E5B2B /* SwiftTesting */;
			targetProxy = F4801D7B2B16DBA0005E5B2B /* PBXContainerItemProxy */;
		};
		F4801D862B16DBA0005E5B2B /* PBXTargetDependency */ = {
			isa = PBXTargetDependency;
			target = F4801D632B16DB9D005E5B2B /* SwiftTesting */;
			targetProxy = F4801D852B16DBA0005E5B2B /* PBXContainerItemProxy */;
		};
/* End PBXTargetDependency section */

/* Begin PBXVariantGroup section */
		F4801D6D2B16DB9D005E5B2B /* Main.storyboard */ = {
			isa = PBXVariantGroup;
			children = (
				F4801D6E2B16DB9D005E5B2B /* Base */,
			);
			name = Main.storyboard;
			sourceTree = "<group>";
		};
		F4801D722B16DB9F005E5B2B /* LaunchScreen.storyboard */ = {
			isa = PBXVariantGroup;
			children = (
				F4801D732B16DB9F005E5B2B /* Base */,
			);
			name = LaunchScreen.storyboard;
			sourceTree = "<group>";
		};
/* End PBXVariantGroup section */

/* Begin XCBuildConfiguration section */
		F4801D8C2B16DBA0005E5B2B /* Debug */ = {
			isa = XCBuildConfiguration;
			buildSettings = {
				ALWAYS_SEARCH_USER_PATHS = NO;
				ASSETCATALOG_COMPILER_GENERATE_SWIFT_ASSET_SYMBOL_EXTENSIONS = YES;
				CLANG_ANALYZER_NONNULL = YES;
				CLANG_ANALYZER_NUMBER_OBJECT_CONVERSION = YES_AGGRESSIVE;
				CLANG_CXX_LANGUAGE_STANDARD = "gnu++20";
				CLANG_ENABLE_MODULES = YES;
				CLANG_ENABLE_OBJC_ARC = YES;
				CLANG_ENABLE_OBJC_WEAK = YES;
				CLANG_WARN_BLOCK_CAPTURE_AUTORELEASING = YES;
				CLANG_WARN_BOOL_CONVERSION = YES;
				CLANG_WARN_COMMA = YES;
				CLANG_WARN_CONSTANT_CONVERSION = YES;
				CLANG_WARN_DEPRECATED_OBJC_IMPLEMENTATIONS = YES;
				CLANG_WARN_DIRECT_OBJC_ISA_USAGE = YES_ERROR;
				CLANG_WARN_DOCUMENTATION_COMMENTS = YES;
				CLANG_WARN_EMPTY_BODY = YES;
				CLANG_WARN_ENUM_CONVERSION = YES;
				CLANG_WARN_INFINITE_RECURSION = YES;
				CLANG_WARN_INT_CONVERSION = YES;
				CLANG_WARN_NON_LITERAL_NULL_CONVERSION = YES;
				CLANG_WARN_OBJC_IMPLICIT_RETAIN_SELF = YES;
				CLANG_WARN_OBJC_LITERAL_CONVERSION = YES;
				CLANG_WARN_OBJC_ROOT_CLASS = YES_ERROR;
				CLANG_WARN_QUOTED_INCLUDE_IN_FRAMEWORK_HEADER = YES;
				CLANG_WARN_RANGE_LOOP_ANALYSIS = YES;
				CLANG_WARN_STRICT_PROTOTYPES = YES;
				CLANG_WARN_SUSPICIOUS_MOVE = YES;
				CLANG_WARN_UNGUARDED_AVAILABILITY = YES_AGGRESSIVE;
				CLANG_WARN_UNREACHABLE_CODE = YES;
				CLANG_WARN__DUPLICATE_METHOD_MATCH = YES;
				COPY_PHASE_STRIP = NO;
				DEBUG_INFORMATION_FORMAT = dwarf;
				ENABLE_STRICT_OBJC_MSGSEND = YES;
				ENABLE_TESTABILITY = YES;
				ENABLE_USER_SCRIPT_SANDBOXING = YES;
				GCC_C_LANGUAGE_STANDARD = gnu17;
				GCC_DYNAMIC_NO_PIC = NO;
				GCC_NO_COMMON_BLOCKS = YES;
				GCC_OPTIMIZATION_LEVEL = 0;
				GCC_PREPROCESSOR_DEFINITIONS = (
					"DEBUG=1",
					"$(inherited)",
				);
				GCC_WARN_64_TO_32_BIT_CONVERSION = YES;
				GCC_WARN_ABOUT_RETURN_TYPE = YES_ERROR;
				GCC_WARN_UNDECLARED_SELECTOR = YES;
				GCC_WARN_UNINITIALIZED_AUTOS = YES_AGGRESSIVE;
				GCC_WARN_UNUSED_FUNCTION = YES;
				GCC_WARN_UNUSED_VARIABLE = YES;
				IPHONEOS_DEPLOYMENT_TARGET = 17.0;
				LOCALIZATION_PREFERS_STRING_CATALOGS = YES;
				MTL_ENABLE_DEBUG_INFO = INCLUDE_SOURCE;
				MTL_FAST_MATH = YES;
				ONLY_ACTIVE_ARCH = YES;
				SDKROOT = iphoneos;
				SWIFT_ACTIVE_COMPILATION_CONDITIONS = "DEBUG $(inherited)";
				SWIFT_OPTIMIZATION_LEVEL = "-Onone";
			};
			name = Debug;
		};
		F4801D8D2B16DBA0005E5B2B /* Release */ = {
			isa = XCBuildConfiguration;
			buildSettings = {
				ALWAYS_SEARCH_USER_PATHS = NO;
				ASSETCATALOG_COMPILER_GENERATE_SWIFT_ASSET_SYMBOL_EXTENSIONS = YES;
				CLANG_ANALYZER_NONNULL = YES;
				CLANG_ANALYZER_NUMBER_OBJECT_CONVERSION = YES_AGGRESSIVE;
				CLANG_CXX_LANGUAGE_STANDARD = "gnu++20";
				CLANG_ENABLE_MODULES = YES;
				CLANG_ENABLE_OBJC_ARC = YES;
				CLANG_ENABLE_OBJC_WEAK = YES;
				CLANG_WARN_BLOCK_CAPTURE_AUTORELEASING = YES;
				CLANG_WARN_BOOL_CONVERSION = YES;
				CLANG_WARN_COMMA = YES;
				CLANG_WARN_CONSTANT_CONVERSION = YES;
				CLANG_WARN_DEPRECATED_OBJC_IMPLEMENTATIONS = YES;
				CLANG_WARN_DIRECT_OBJC_ISA_USAGE = YES_ERROR;
				CLANG_WARN_DOCUMENTATION_COMMENTS = YES;
				CLANG_WARN_EMPTY_BODY = YES;
				CLANG_WARN_ENUM_CONVERSION = YES;
				CLANG_WARN_INFINITE_RECURSION = YES;
				CLANG_WARN_INT_CONVERSION = YES;
				CLANG_WARN_NON_LITERAL_NULL_CONVERSION = YES;
				CLANG_WARN_OBJC_IMPLICIT_RETAIN_SELF = YES;
				CLANG_WARN_OBJC_LITERAL_CONVERSION = YES;
				CLANG_WARN_OBJC_ROOT_CLASS = YES_ERROR;
				CLANG_WARN_QUOTED_INCLUDE_IN_FRAMEWORK_HEADER = YES;
				CLANG_WARN_RANGE_LOOP_ANALYSIS = YES;
				CLANG_WARN_STRICT_PROTOTYPES = YES;
				CLANG_WARN_SUSPICIOUS_MOVE = YES;
				CLANG_WARN_UNGUARDED_AVAILABILITY = YES_AGGRESSIVE;
				CLANG_WARN_UNREACHABLE_CODE = YES;
				CLANG_WARN__DUPLICATE_METHOD_MATCH = YES;
				COPY_PHASE_STRIP = NO;
				DEBUG_INFORMATION_FORMAT = "dwarf-with-dsym";
				ENABLE_NS_ASSERTIONS = NO;
				ENABLE_STRICT_OBJC_MSGSEND = YES;
				ENABLE_USER_SCRIPT_SANDBOXING = YES;
				GCC_C_LANGUAGE_STANDARD = gnu17;
				GCC_NO_COMMON_BLOCKS = YES;
				GCC_WARN_64_TO_32_BIT_CONVERSION = YES;
				GCC_WARN_ABOUT_RETURN_TYPE = YES_ERROR;
				GCC_WARN_UNDECLARED_SELECTOR = YES;
				GCC_WARN_UNINITIALIZED_AUTOS = YES_AGGRESSIVE;
				GCC_WARN_UNUSED_FUNCTION = YES;
				GCC_WARN_UNUSED_VARIABLE = YES;
				IPHONEOS_DEPLOYMENT_TARGET = 17.0;
				LOCALIZATION_PREFERS_STRING_CATALOGS = YES;
				MTL_ENABLE_DEBUG_INFO = NO;
				MTL_FAST_MATH = YES;
				SDKROOT = iphoneos;
				SWIFT_COMPILATION_MODE = wholemodule;
				VALIDATE_PRODUCT = YES;
			};
			name = Release;
		};
		F4801D8F2B16DBA0005E5B2B /* Debug */ = {
			isa = XCBuildConfiguration;
			buildSettings = {
				ASSETCATALOG_COMPILER_APPICON_NAME = AppIcon;
				ASSETCATALOG_COMPILER_GLOBAL_ACCENT_COLOR_NAME = AccentColor;
				CODE_SIGN_STYLE = Automatic;
				CURRENT_PROJECT_VERSION = 1;
				DEVELOPMENT_TEAM = 98YXJBZVMH;
				GENERATE_INFOPLIST_FILE = YES;
				INFOPLIST_FILE = SwiftTesting/Info.plist;
				INFOPLIST_KEY_UIApplicationSupportsIndirectInputEvents = YES;
				INFOPLIST_KEY_UILaunchStoryboardName = LaunchScreen;
				INFOPLIST_KEY_UIMainStoryboardFile = Main;
				INFOPLIST_KEY_UISupportedInterfaceOrientations_iPad = "UIInterfaceOrientationPortrait UIInterfaceOrientationPortraitUpsideDown UIInterfaceOrientationLandscapeLeft UIInterfaceOrientationLandscapeRight";
				INFOPLIST_KEY_UISupportedInterfaceOrientations_iPhone = "UIInterfaceOrientationPortrait UIInterfaceOrientationLandscapeLeft UIInterfaceOrientationLandscapeRight";
				LD_RUNPATH_SEARCH_PATHS = (
					"$(inherited)",
					"@executable_path/Frameworks",
				);
				MARKETING_VERSION = 1.0;
				PRODUCT_BUNDLE_IDENTIFIER = com.hasanbilgin.SwiftTesting;
				PRODUCT_NAME = "$(TARGET_NAME)";
				SWIFT_EMIT_LOC_STRINGS = YES;
				SWIFT_VERSION = 5.0;
				TARGETED_DEVICE_FAMILY = "1,2";
			};
			name = Debug;
		};
		F4801D902B16DBA0005E5B2B /* Release */ = {
			isa = XCBuildConfiguration;
			buildSettings = {
				ASSETCATALOG_COMPILER_APPICON_NAME = AppIcon;
				ASSETCATALOG_COMPILER_GLOBAL_ACCENT_COLOR_NAME = AccentColor;
				CODE_SIGN_STYLE = Automatic;
				CURRENT_PROJECT_VERSION = 1;
				DEVELOPMENT_TEAM = 98YXJBZVMH;
				GENERATE_INFOPLIST_FILE = YES;
				INFOPLIST_FILE = SwiftTesting/Info.plist;
				INFOPLIST_KEY_UIApplicationSupportsIndirectInputEvents = YES;
				INFOPLIST_KEY_UILaunchStoryboardName = LaunchScreen;
				INFOPLIST_KEY_UIMainStoryboardFile = Main;
				INFOPLIST_KEY_UISupportedInterfaceOrientations_iPad = "UIInterfaceOrientationPortrait UIInterfaceOrientationPortraitUpsideDown UIInterfaceOrientationLandscapeLeft UIInterfaceOrientationLandscapeRight";
				INFOPLIST_KEY_UISupportedInterfaceOrientations_iPhone = "UIInterfaceOrientationPortrait UIInterfaceOrientationLandscapeLeft UIInterfaceOrientationLandscapeRight";
				LD_RUNPATH_SEARCH_PATHS = (
					"$(inherited)",
					"@executable_path/Frameworks",
				);
				MARKETING_VERSION = 1.0;
				PRODUCT_BUNDLE_IDENTIFIER = com.hasanbilgin.SwiftTesting;
				PRODUCT_NAME = "$(TARGET_NAME)";
				SWIFT_EMIT_LOC_STRINGS = YES;
				SWIFT_VERSION = 5.0;
				TARGETED_DEVICE_FAMILY = "1,2";
			};
			name = Release;
		};
		F4801D922B16DBA0005E5B2B /* Debug */ = {
			isa = XCBuildConfiguration;
			buildSettings = {
				ALWAYS_EMBED_SWIFT_STANDARD_LIBRARIES = YES;
				BUNDLE_LOADER = "$(TEST_HOST)";
				CODE_SIGN_STYLE = Automatic;
				CURRENT_PROJECT_VERSION = 1;
				DEVELOPMENT_TEAM = 98YXJBZVMH;
				GENERATE_INFOPLIST_FILE = YES;
				IPHONEOS_DEPLOYMENT_TARGET = 17.0;
				MARKETING_VERSION = 1.0;
				PRODUCT_BUNDLE_IDENTIFIER = com.hasanbilgin.SwiftTestingTests;
				PRODUCT_NAME = "$(TARGET_NAME)";
				SWIFT_EMIT_LOC_STRINGS = NO;
				SWIFT_VERSION = 5.0;
				TARGETED_DEVICE_FAMILY = "1,2";
				TEST_HOST = "$(BUILT_PRODUCTS_DIR)/SwiftTesting.app/$(BUNDLE_EXECUTABLE_FOLDER_PATH)/SwiftTesting";
			};
			name = Debug;
		};
		F4801D932B16DBA0005E5B2B /* Release */ = {
			isa = XCBuildConfiguration;
			buildSettings = {
				ALWAYS_EMBED_SWIFT_STANDARD_LIBRARIES = YES;
				BUNDLE_LOADER = "$(TEST_HOST)";
				CODE_SIGN_STYLE = Automatic;
				CURRENT_PROJECT_VERSION = 1;
				DEVELOPMENT_TEAM = 98YXJBZVMH;
				GENERATE_INFOPLIST_FILE = YES;
				IPHONEOS_DEPLOYMENT_TARGET = 17.0;
				MARKETING_VERSION = 1.0;
				PRODUCT_BUNDLE_IDENTIFIER = com.hasanbilgin.SwiftTestingTests;
				PRODUCT_NAME = "$(TARGET_NAME)";
				SWIFT_EMIT_LOC_STRINGS = NO;
				SWIFT_VERSION = 5.0;
				TARGETED_DEVICE_FAMILY = "1,2";
				TEST_HOST = "$(BUILT_PRODUCTS_DIR)/SwiftTesting.app/$(BUNDLE_EXECUTABLE_FOLDER_PATH)/SwiftTesting";
			};
			name = Release;
		};
		F4801D952B16DBA0005E5B2B /* Debug */ = {
			isa = XCBuildConfiguration;
			buildSettings = {
				ALWAYS_EMBED_SWIFT_STANDARD_LIBRARIES = YES;
				CODE_SIGN_STYLE = Automatic;
				CURRENT_PROJECT_VERSION = 1;
				DEVELOPMENT_TEAM = 98YXJBZVMH;
				GENERATE_INFOPLIST_FILE = YES;
				MARKETING_VERSION = 1.0;
				PRODUCT_BUNDLE_IDENTIFIER = com.hasanbilgin.SwiftTestingUITests;
				PRODUCT_NAME = "$(TARGET_NAME)";
				SWIFT_EMIT_LOC_STRINGS = NO;
				SWIFT_VERSION = 5.0;
				TARGETED_DEVICE_FAMILY = "1,2";
				TEST_TARGET_NAME = SwiftTesting;
			};
			name = Debug;
		};
		F4801D962B16DBA0005E5B2B /* Release */ = {
			isa = XCBuildConfiguration;
			buildSettings = {
				ALWAYS_EMBED_SWIFT_STANDARD_LIBRARIES = YES;
				CODE_SIGN_STYLE = Automatic;
				CURRENT_PROJECT_VERSION = 1;
				DEVELOPMENT_TEAM = 98YXJBZVMH;
				GENERATE_INFOPLIST_FILE = YES;
				MARKETING_VERSION = 1.0;
				PRODUCT_BUNDLE_IDENTIFIER = com.hasanbilgin.SwiftTestingUITests;
				PRODUCT_NAME = "$(TARGET_NAME)";
				SWIFT_EMIT_LOC_STRINGS = NO;
				SWIFT_VERSION = 5.0;
				TARGETED_DEVICE_FAMILY = "1,2";
				TEST_TARGET_NAME = SwiftTesting;
			};
			name = Release;
		};
/* End XCBuildConfiguration section */

/* Begin XCConfigurationList section */
		F4801D5F2B16DB9D005E5B2B /* Build configuration list for PBXProject "SwiftTesting" */ = {
			isa = XCConfigurationList;
			buildConfigurations = (
				F4801D8C2B16DBA0005E5B2B /* Debug */,
				F4801D8D2B16DBA0005E5B2B /* Release */,
			);
			defaultConfigurationIsVisible = 0;
			defaultConfigurationName = Release;
		};
		F4801D8E2B16DBA0005E5B2B /* Build configuration list for PBXNativeTarget "SwiftTesting" */ = {
			isa = XCConfigurationList;
			buildConfigurations = (
				F4801D8F2B16DBA0005E5B2B /* Debug */,
				F4801D902B16DBA0005E5B2B /* Release */,
			);
			defaultConfigurationIsVisible = 0;
			defaultConfigurationName = Release;
		};
		F4801D912B16DBA0005E5B2B /* Build configuration list for PBXNativeTarget "SwiftTestingTests" */ = {
			isa = XCConfigurationList;
			buildConfigurations = (
				F4801D922B16DBA0005E5B2B /* Debug */,
				F4801D932B16DBA0005E5B2B /* Release */,
			);
			defaultConfigurationIsVisible = 0;
			defaultConfigurationName = Release;
		};
		F4801D942B16DBA0005E5B2B /* Build configuration list for PBXNativeTarget "SwiftTestingUITests" */ = {
			isa = XCConfigurationList;
			buildConfigurations = (
				F4801D952B16DBA0005E5B2B /* Debug */,
				F4801D962B16DBA0005E5B2B /* Release */,
			);
			defaultConfigurationIsVisible = 0;
			defaultConfigurationName = Release;
		};
/* End XCConfigurationList section */
	};
	rootObject = F4801D5C2B16DB9D005E5B2B /* Project object */;
}
